
Microsoft Visual Studio Solution File, Format Version 12.00
# Visual Studio Version 17
VisualStudioVersion = 17.14.36301.6 d17.14
MinimumVisualStudioVersion = 10.0.40219.1
Project("{FAE04EC0-301F-11D3-BF4B-00C04F79EFBC}") = "SakuraHomeAPI", "SakuraHomeAPI\SakuraHomeAPI.csproj", "{B865B461-0697-49BA-9F98-09EF9E3E9241}"
EndProject
Global
	GlobalSection(SolutionConfigurationPlatforms) = preSolution
		Debug|Any CPU = Debug|Any CPU
		Release|Any CPU = Release|Any CPU
	EndGlobalSection
	GlobalSection(ProjectConfigurationPlatforms) = postSolution
		{B865B461-0697-49BA-9F98-09EF9E3E9241}.Debug|Any CPU.ActiveCfg = Debug|Any CPU
		{B865B461-0697-49BA-9F98-09EF9E3E9241}.Debug|Any CPU.Build.0 = Debug|Any CPU
		{B865B461-0697-49BA-9F98-09EF9E3E9241}.Release|Any CPU.ActiveCfg = Release|Any CPU
		{B865B461-0697-49BA-9F98-09EF9E3E9241}.Release|Any CPU.Build.0 = Release|Any CPU
	EndGlobalSection
	GlobalSection(SolutionProperties) = preSolution
		HideSolutionNode = FALSE
	EndGlobalSection
	GlobalSection(ExtensibilityGlobals) = postSolution
		SolutionGuid = {744ABF23-8BD5-4D16-B77A-AF449EB8C02B}
	EndGlobalSection
EndGlobal
